
Microsoft Visual Studio Solution File, Format Version 12.00
# Visual Studio Version 17
VisualStudioVersion = 17.5.33502.453
MinimumVisualStudioVersion = 10.0.40219.1
Project("{FAE04EC0-301F-11D3-BF4B-00C04F79EFBC}") = "WinClient", "WinClient.csproj", "{8BADC4C4-02A1-4720-AA7E-0B4450958ADD}"
EndProject
Global
	GlobalSection(SolutionConfigurationPlatforms) = preSolution
		Debug|Any CPU = Debug|Any CPU
		Release|Any CPU = Release|Any CPU
	EndGlobalSection
	GlobalSection(ProjectConfigurationPlatforms) = postSolution
		{8BADC4C4-02A1-4720-AA7E-0B4450958ADD}.Debug|Any CPU.ActiveCfg = Debug|Any CPU
		{8BADC4C4-02A1-4720-AA7E-0B4450958ADD}.Debug|Any CPU.Build.0 = Debug|Any CPU
		{8BADC4C4-02A1-4720-AA7E-0B4450958ADD}.Release|Any CPU.ActiveCfg = Release|Any CPU
		{8BADC4C4-02A1-4720-AA7E-0B4450958ADD}.Release|Any CPU.Build.0 = Release|Any CPU
	EndGlobalSection
	GlobalSection(SolutionProperties) = preSolution
		HideSolutionNode = FALSE
	EndGlobalSection
	GlobalSection(ExtensibilityGlobals) = postSolution
		SolutionGuid = {6A1F10D7-1110-4E96-BA33-D173ED2C993A}
	EndGlobalSection
EndGlobal
